{"version":4,"terraform_version":"1.9.0","serial":29,"lineage":"d6cc55f3-3f73-2319-694e-a79451353fe4","outputs":{},"resources":[{"mode":"data","type":"aws_caller_identity","name":"current","provider":"provider[\"registry.opentofu.org/hashicorp/aws\"]","instances":[{"schema_version":0,"attributes":{"account_id":"133497933820","arn":"arn:aws:iam::133497933820:user/admin-user","id":"133497933820","user_id":"AIDAR6FIYZ76JJKPKPTUO"},"sensitive_attributes":[]}]},{"mode":"managed","type":"aws_iam_policy","name":"worker_cloudfront_access","provider":"provider[\"registry.opentofu.org/hashicorp/aws\"]","instances":[{"schema_version":0,"attributes":{"arn":"arn:aws:iam::133497933820:policy/worker-cloudfront-access","attachment_count":1,"description":"Allows access to CloudFront distributions","id":"arn:aws:iam::133497933820:policy/worker-cloudfront-access","name":"worker-cloudfront-access","name_prefix":"","path":"/","policy":"{\"Statement\":[{\"Action\":[\"cloudfront:ListDistributions\",\"cloudfront:GetDistribution\",\"cloudfront:ListInvalidations\"],\"Effect\":\"Allow\",\"Resource\":\"*\"}],\"Version\":\"2012-10-17\"}","policy_id":"ANPAR6FIYZ76J3H6CLV7J","tags":{},"tags_all":{}},"sensitive_attributes":[],"private":"bnVsbA=="}]},{"mode":"managed","type":"aws_iam_policy","name":"worker_s3_full_access","provider":"provider[\"registry.opentofu.org/hashicorp/aws\"]","instances":[{"schema_version":0,"attributes":{"arn":"arn:aws:iam::133497933820:policy/worker-s3-full-access","attachment_count":1,"description":"Grants full access to the chasing-horizons S3 bucket","id":"arn:aws:iam::133497933820:policy/worker-s3-full-access","name":"worker-s3-full-access","name_prefix":"","path":"/","policy":"{\"Statement\":[{\"Action\":[\"s3:*\"],\"Effect\":\"Allow\",\"Resource\":[\"arn:aws:s3:::chasing-horizons\",\"arn:aws:s3:::chasing-horizons/*\"]},{\"Action\":[\"s3:ListAllMyBuckets\",\"s3:GetBucketLocation\"],\"Effect\":\"Allow\",\"Resource\":\"*\"}],\"Version\":\"2012-10-17\"}","policy_id":"ANPAR6FIYZ76IVXFFZKQO","tags":{},"tags_all":{}},"sensitive_attributes":[],"private":"bnVsbA=="}]},{"mode":"managed","type":"aws_iam_role","name":"worker_role","provider":"provider[\"registry.opentofu.org/hashicorp/aws\"]","instances":[{"schema_version":0,"attributes":{"arn":"arn:aws:iam::133497933820:role/worker-role","assume_role_policy":"{\"Statement\":[{\"Action\":\"sts:AssumeRole\",\"Effect\":\"Allow\",\"Principal\":{\"AWS\":\"arn:aws:iam::133497933820:user/worker-user\"}}],\"Version\":\"2012-10-17\"}","create_date":"2025-03-23T20:43:01Z","description":"","force_detach_policies":false,"id":"worker-role","inline_policy":[],"managed_policy_arns":["arn:aws:iam::133497933820:policy/worker-cloudfront-access","arn:aws:iam::133497933820:policy/worker-s3-full-access"],"max_session_duration":3600,"name":"worker-role","name_prefix":"","path":"/","permissions_boundary":"","tags":{},"tags_all":{},"unique_id":"AROAR6FIYZ76E26NX2AAJ"},"sensitive_attributes":[],"private":"bnVsbA==","dependencies":["aws_iam_user.worker_user"]}]},{"mode":"managed","type":"aws_iam_role_policy_attachment","name":"worker_role_cloudfront_access_attachment","provider":"provider[\"registry.opentofu.org/hashicorp/aws\"]","instances":[{"schema_version":0,"attributes":{"id":"worker-role-20250325195647311600000001","policy_arn":"arn:aws:iam::133497933820:policy/worker-cloudfront-access","role":"worker-role"},"sensitive_attributes":[],"private":"bnVsbA==","dependencies":["aws_iam_policy.worker_cloudfront_access","aws_iam_role.worker_role","aws_iam_user.worker_user"]}]},{"mode":"managed","type":"aws_iam_role_policy_attachment","name":"worker_role_s3_access_attachment","provider":"provider[\"registry.opentofu.org/hashicorp/aws\"]","instances":[{"schema_version":0,"attributes":{"id":"worker-role-20250324191556042600000001","policy_arn":"arn:aws:iam::133497933820:policy/worker-s3-full-access","role":"worker-role"},"sensitive_attributes":[],"private":"bnVsbA==","dependencies":["aws_iam_policy.worker_s3_full_access","aws_iam_role.worker_role","aws_iam_user.worker_user"]}]},{"mode":"managed","type":"aws_iam_user","name":"worker_user","provider":"provider[\"registry.opentofu.org/hashicorp/aws\"]","instances":[{"schema_version":0,"attributes":{"arn":"arn:aws:iam::133497933820:user/worker-user","force_destroy":false,"id":"worker-user","name":"worker-user","path":"/","permissions_boundary":"","tags":{},"tags_all":{},"unique_id":"AIDAR6FIYZ76HIVZAM4VZ"},"sensitive_attributes":[],"private":"bnVsbA=="}]},{"mode":"managed","type":"aws_iam_user_login_profile","name":"worker_user_profile","provider":"provider[\"registry.opentofu.org/hashicorp/aws\"]","instances":[{"schema_version":0,"attributes":{"encrypted_password":null,"id":"worker-user","key_fingerprint":null,"password":"v0RMbCAT9Wl9tf5p}7Sz","password_length":20,"password_reset_required":true,"pgp_key":null,"user":"worker-user"},"sensitive_attributes":[[{"type":"get_attr","value":"password"}]],"private":"bnVsbA==","dependencies":["aws_iam_user.worker_user"]}]},{"module":"module.services","mode":"managed","type":"aws_cloudfront_distribution","name":"website_distribution","provider":"provider[\"registry.opentofu.org/hashicorp/aws\"]","instances":[{"schema_version":1,"attributes":{"aliases":[],"arn":"arn:aws:cloudfront::133497933820:distribution/E2QGS5IOXJY2CE","caller_reference":"terraform-20250325193931534900000002","comment":null,"continuous_deployment_policy_id":"","custom_error_response":[],"default_cache_behavior":[{"allowed_methods":["GET","HEAD"],"cache_policy_id":"","cached_methods":["GET","HEAD"],"compress":false,"default_ttl":0,"field_level_encryption_id":"","forwarded_values":[{"cookies":[{"forward":"none","whitelisted_names":[]}],"headers":[],"query_string":false,"query_string_cache_keys":[]}],"function_association":[],"grpc_config":[{"enabled":false}],"lambda_function_association":[],"max_ttl":0,"min_ttl":0,"origin_request_policy_id":"","realtime_log_config_arn":"","response_headers_policy_id":"","smooth_streaming":false,"target_origin_id":"S3-chasing-horizons","trusted_key_groups":[],"trusted_signers":[],"viewer_protocol_policy":"redirect-to-https"}],"default_root_object":"index.html","domain_name":"d196guxeygncin.cloudfront.net","enabled":true,"etag":"E15W7ICZDIM6EF","hosted_zone_id":"Z2FDTNDATAQYW2","http_version":"http2","id":"E2QGS5IOXJY2CE","in_progress_validation_batches":0,"is_ipv6_enabled":false,"last_modified_time":"2025-03-25 19:39:32.4 +0000 UTC","logging_config":[],"ordered_cache_behavior":[],"origin":[{"connection_attempts":3,"connection_timeout":10,"custom_header":[],"custom_origin_config":[],"domain_name":"chasing-horizons.s3.eu-central-1.amazonaws.com","origin_access_control_id":"","origin_id":"S3-chasing-horizons","origin_path":"","origin_shield":[],"s3_origin_config":[{"origin_access_identity":"origin-access-identity/cloudfront/E4ZKVHEVKJZDM"}],"vpc_origin_config":[]}],"origin_group":[],"price_class":"PriceClass_All","restrictions":[{"geo_restriction":[{"locations":[],"restriction_type":"none"}]}],"retain_on_delete":false,"staging":false,"status":"Deployed","tags":{},"tags_all":{},"trusted_key_groups":[{"enabled":false,"items":[]}],"trusted_signers":[{"enabled":false,"items":[]}],"viewer_certificate":[{"acm_certificate_arn":"","cloudfront_default_certificate":true,"iam_certificate_id":"","minimum_protocol_version":"TLSv1","ssl_support_method":""}],"wait_for_deployment":true,"web_acl_id":""},"sensitive_attributes":[],"private":"eyJzY2hlbWFfdmVyc2lvbiI6IjEifQ==","dependencies":["module.services.aws_cloudfront_origin_access_identity.oai","module.services.aws_s3_bucket.chasing_horizons_website_bucket"]}]},{"module":"module.services","mode":"managed","type":"aws_cloudfront_origin_access_identity","name":"oai","provider":"provider[\"registry.opentofu.org/hashicorp/aws\"]","instances":[{"schema_version":0,"attributes":{"arn":"arn:aws:cloudfront::133497933820:origin-access-identity/E4ZKVHEVKJZDM","caller_reference":"terraform-20250325193930024200000001","cloudfront_access_identity_path":"origin-access-identity/cloudfront/E4ZKVHEVKJZDM","comment":"OAI for S3 access","etag":"EK0D95TQFBGQF","iam_arn":"arn:aws:iam::cloudfront:user/CloudFront Origin Access Identity E4ZKVHEVKJZDM","id":"E4ZKVHEVKJZDM","s3_canonical_user_id":"1de95edc623d80d19e47ae19c45a124768933dffc47803a5b933e9f0ed9ee092a9b1afe37b4b2d3d2dc10b2c3cfd6888"},"sensitive_attributes":[],"private":"bnVsbA=="}]},{"module":"module.services","mode":"managed","type":"aws_s3_bucket","name":"chasing_horizons_website_bucket","provider":"provider[\"registry.opentofu.org/hashicorp/aws\"]","instances":[{"schema_version":0,"attributes":{"acceleration_status":"","acl":null,"arn":"arn:aws:s3:::chasing-horizons","bucket":"chasing-horizons","bucket_domain_name":"chasing-horizons.s3.amazonaws.com","bucket_prefix":"","bucket_regional_domain_name":"chasing-horizons.s3.eu-central-1.amazonaws.com","cors_rule":[],"force_destroy":false,"grant":[{"id":"f8a27934972a0c143d20bdee5bc13dc010172cb8af004b1e2cf4e6960f31c539","permissions":["FULL_CONTROL"],"type":"CanonicalUser","uri":""}],"hosted_zone_id":"Z21DNDUVLTQW6Q","id":"chasing-horizons","lifecycle_rule":[],"logging":[],"object_lock_configuration":[],"object_lock_enabled":false,"policy":"{\"Statement\":[{\"Action\":\"s3:GetObject\",\"Condition\":{\"StringEquals\":{\"AWS:SourceArn\":\"arn:aws:cloudfront::133497933820:distribution/E2QGS5IOXJY2CE\"}},\"Effect\":\"Allow\",\"Principal\":{\"Service\":\"cloudfront.amazonaws.com\"},\"Resource\":\"arn:aws:s3:::chasing-horizons/*\"}],\"Version\":\"2012-10-17\"}","region":"eu-central-1","replication_configuration":[],"request_payer":"BucketOwner","server_side_encryption_configuration":[{"rule":[{"apply_server_side_encryption_by_default":[{"kms_master_key_id":"","sse_algorithm":"AES256"}],"bucket_key_enabled":false}]}],"tags":{},"tags_all":{},"timeouts":null,"versioning":[{"enabled":false,"mfa_delete":false}],"website":[{"error_document":"error.html","index_document":"index.html","redirect_all_requests_to":"","routing_rules":""}],"website_domain":"s3-website.eu-central-1.amazonaws.com","website_endpoint":"chasing-horizons.s3-website.eu-central-1.amazonaws.com"},"sensitive_attributes":[],"private":"eyJlMmJmYjczMC1lY2FhLTExZTYtOGY4OC0zNDM2M2JjN2M0YzAiOnsiY3JlYXRlIjoxMjAwMDAwMDAwMDAwLCJkZWxldGUiOjM2MDAwMDAwMDAwMDAsInJlYWQiOjEyMDAwMDAwMDAwMDAsInVwZGF0ZSI6MTIwMDAwMDAwMDAwMH19"}]},{"module":"module.services","mode":"managed","type":"aws_s3_bucket_policy","name":"allow_cloudfront","provider":"provider[\"registry.opentofu.org/hashicorp/aws\"]","instances":[{"schema_version":0,"attributes":{"bucket":"chasing-horizons","id":"chasing-horizons","policy":"{\"Statement\":[{\"Action\":\"s3:GetObject\",\"Effect\":\"Allow\",\"Principal\":{\"AWS\":\"arn:aws:iam::cloudfront:user/CloudFront Origin Access Identity E4ZKVHEVKJZDM\"},\"Resource\":\"arn:aws:s3:::chasing-horizons/*\"}],\"Version\":\"2012-10-17\"}"},"sensitive_attributes":[],"private":"bnVsbA==","dependencies":["module.services.aws_cloudfront_origin_access_identity.oai","module.services.aws_s3_bucket.chasing_horizons_website_bucket"]}]},{"module":"module.services","mode":"managed","type":"aws_s3_bucket_website_configuration","name":"website_config","provider":"provider[\"registry.opentofu.org/hashicorp/aws\"]","instances":[{"schema_version":0,"attributes":{"bucket":"chasing-horizons","error_document":[{"key":"error.html"}],"expected_bucket_owner":"","id":"chasing-horizons","index_document":[{"suffix":"index.html"}],"redirect_all_requests_to":[],"routing_rule":[],"routing_rules":"","website_domain":"s3-website.eu-central-1.amazonaws.com","website_endpoint":"chasing-horizons.s3-website.eu-central-1.amazonaws.com"},"sensitive_attributes":[],"private":"bnVsbA==","dependencies":["module.services.aws_s3_bucket.chasing_horizons_website_bucket"]}]},{"module":"module.services","mode":"managed","type":"aws_s3_object","name":"website_files","provider":"provider[\"registry.opentofu.org/hashicorp/aws\"]","instances":[{"index_key":"error.html","schema_version":0,"attributes":{"acl":null,"arn":"arn:aws:s3:::chasing-horizons/error.html","bucket":"chasing-horizons","bucket_key_enabled":false,"cache_control":"","checksum_algorithm":null,"checksum_crc32":"","checksum_crc32c":"","checksum_crc64nvme":"","checksum_sha1":"","checksum_sha256":"","content":null,"content_base64":null,"content_disposition":"","content_encoding":"","content_language":"","content_type":"text/html","etag":"92e3c711abf90812ddda1de008b8b3f9","force_destroy":false,"id":"error.html","key":"error.html","kms_key_id":null,"metadata":{},"object_lock_legal_hold_status":"","object_lock_mode":"","object_lock_retain_until_date":"","override_provider":[],"server_side_encryption":"AES256","source":"services/error.html","source_hash":null,"storage_class":"STANDARD","tags":{},"tags_all":{},"version_id":"","website_redirect":""},"sensitive_attributes":[],"private":"bnVsbA==","dependencies":["module.services.aws_s3_bucket.chasing_horizons_website_bucket"]},{"index_key":"index.html","schema_version":0,"attributes":{"acl":null,"arn":"arn:aws:s3:::chasing-horizons/index.html","bucket":"chasing-horizons","bucket_key_enabled":false,"cache_control":"","checksum_algorithm":null,"checksum_crc32":"","checksum_crc32c":"","checksum_crc64nvme":"","checksum_sha1":"","checksum_sha256":"","content":null,"content_base64":null,"content_disposition":"","content_encoding":"","content_language":"","content_type":"text/html","etag":"5ee6f9dc0e4bf8a7b90d1c7c53ad761b","force_destroy":false,"id":"index.html","key":"index.html","kms_key_id":null,"metadata":{},"object_lock_legal_hold_status":"","object_lock_mode":"","object_lock_retain_until_date":"","override_provider":[],"server_side_encryption":"AES256","source":"services/index.html","source_hash":null,"storage_class":"STANDARD","tags":{},"tags_all":{},"version_id":"","website_redirect":""},"sensitive_attributes":[],"private":"bnVsbA==","dependencies":["module.services.aws_s3_bucket.chasing_horizons_website_bucket"]}]}],"check_results":null}
