{"version":4,"terraform_version":"1.9.0","serial":34,"lineage":"d6cc55f3-3f73-2319-694e-a79451353fe4","outputs":{},"resources":[{"mode":"data","type":"aws_caller_identity","name":"current","provider":"provider[\"registry.opentofu.org/hashicorp/aws\"]","instances":[{"schema_version":0,"attributes":{"account_id":"133497933820","arn":"arn:aws:iam::133497933820:user/admin-user","id":"133497933820","user_id":"AIDAR6FIYZ76JJKPKPTUO"},"sensitive_attributes":[]}]},{"mode":"managed","type":"aws_iam_policy","name":"worker_cloudfront_access","provider":"provider[\"registry.opentofu.org/hashicorp/aws\"]","instances":[{"schema_version":0,"attributes":{"arn":"arn:aws:iam::133497933820:policy/worker-cloudfront-access","attachment_count":1,"description":"Allows access to CloudFront distributions","id":"arn:aws:iam::133497933820:policy/worker-cloudfront-access","name":"worker-cloudfront-access","name_prefix":"","path":"/","policy":"{\"Statement\":[{\"Action\":[\"cloudfront:ListDistributions\",\"cloudfront:GetDistribution\",\"cloudfront:ListInvalidations\"],\"Effect\":\"Allow\",\"Resource\":\"*\"}],\"Version\":\"2012-10-17\"}","policy_id":"ANPAR6FIYZ76J3H6CLV7J","tags":{},"tags_all":{}},"sensitive_attributes":[],"private":"bnVsbA=="}]},{"mode":"managed","type":"aws_iam_policy","name":"worker_s3_full_access","provider":"provider[\"registry.opentofu.org/hashicorp/aws\"]","instances":[{"schema_version":0,"attributes":{"arn":"arn:aws:iam::133497933820:policy/worker-s3-full-access","attachment_count":1,"description":"Grants full access to the chasing-horizons S3 bucket","id":"arn:aws:iam::133497933820:policy/worker-s3-full-access","name":"worker-s3-full-access","name_prefix":"","path":"/","policy":"{\"Statement\":[{\"Action\":[\"s3:*\"],\"Effect\":\"Allow\",\"Resource\":[\"arn:aws:s3:::chasing-horizons\",\"arn:aws:s3:::chasing-horizons/*\"]},{\"Action\":[\"s3:ListAllMyBuckets\",\"s3:GetBucketLocation\"],\"Effect\":\"Allow\",\"Resource\":\"*\"}],\"Version\":\"2012-10-17\"}","policy_id":"ANPAR6FIYZ76IVXFFZKQO","tags":{},"tags_all":{}},"sensitive_attributes":[],"private":"bnVsbA=="}]},{"mode":"managed","type":"aws_iam_role","name":"worker_role","provider":"provider[\"registry.opentofu.org/hashicorp/aws\"]","instances":[{"schema_version":0,"attributes":{"arn":"arn:aws:iam::133497933820:role/worker-role","assume_role_policy":"{\"Statement\":[{\"Action\":\"sts:AssumeRole\",\"Effect\":\"Allow\",\"Principal\":{\"AWS\":\"arn:aws:iam::133497933820:user/worker-user\"}}],\"Version\":\"2012-10-17\"}","create_date":"2025-03-23T20:43:01Z","description":"","force_detach_policies":false,"id":"worker-role","inline_policy":[],"managed_policy_arns":["arn:aws:iam::133497933820:policy/worker-cloudfront-access","arn:aws:iam::133497933820:policy/worker-s3-full-access"],"max_session_duration":3600,"name":"worker-role","name_prefix":"","path":"/","permissions_boundary":"","tags":{},"tags_all":{},"unique_id":"AROAR6FIYZ76E26NX2AAJ"},"sensitive_attributes":[],"private":"bnVsbA==","dependencies":["aws_iam_user.worker_user"]}]},{"mode":"managed","type":"aws_iam_role_policy_attachment","name":"worker_role_cloudfront_access_attachment","provider":"provider[\"registry.opentofu.org/hashicorp/aws\"]","instances":[{"schema_version":0,"attributes":{"id":"worker-role-20250325195647311600000001","policy_arn":"arn:aws:iam::133497933820:policy/worker-cloudfront-access","role":"worker-role"},"sensitive_attributes":[],"private":"bnVsbA==","dependencies":["aws_iam_policy.worker_cloudfront_access","aws_iam_role.worker_role","aws_iam_user.worker_user"]}]},{"mode":"managed","type":"aws_iam_role_policy_attachment","name":"worker_role_s3_access_attachment","provider":"provider[\"registry.opentofu.org/hashicorp/aws\"]","instances":[{"schema_version":0,"attributes":{"id":"worker-role-20250324191556042600000001","policy_arn":"arn:aws:iam::133497933820:policy/worker-s3-full-access","role":"worker-role"},"sensitive_attributes":[],"private":"bnVsbA==","dependencies":["aws_iam_policy.worker_s3_full_access","aws_iam_role.worker_role","aws_iam_user.worker_user"]}]},{"mode":"managed","type":"aws_iam_user","name":"worker_user","provider":"provider[\"registry.opentofu.org/hashicorp/aws\"]","instances":[{"schema_version":0,"attributes":{"arn":"arn:aws:iam::133497933820:user/worker-user","force_destroy":false,"id":"worker-user","name":"worker-user","path":"/","permissions_boundary":"","tags":{},"tags_all":{},"unique_id":"AIDAR6FIYZ76HIVZAM4VZ"},"sensitive_attributes":[],"private":"bnVsbA=="}]},{"mode":"managed","type":"aws_iam_user_login_profile","name":"worker_user_profile","provider":"provider[\"registry.opentofu.org/hashicorp/aws\"]","instances":[{"schema_version":0,"attributes":{"encrypted_password":null,"id":"worker-user","key_fingerprint":null,"password":"v0RMbCAT9Wl9tf5p}7Sz","password_length":20,"password_reset_required":true,"pgp_key":null,"user":"worker-user"},"sensitive_attributes":[[{"type":"get_attr","value":"password"}]],"private":"bnVsbA==","dependencies":["aws_iam_user.worker_user"]}]}],"check_results":null}
