{"version":4,"terraform_version":"1.9.0","serial":16,"lineage":"d6cc55f3-3f73-2319-694e-a79451353fe4","outputs":{"worker_user_credentials":{"value":"User: worker-user\nPassword: h@!RriX0T7V4kPbx\nLogin URL: https://133497933820.signin.aws.amazon.com/console\n","type":"string","sensitive":true}},"resources":[{"mode":"data","type":"aws_caller_identity","name":"current","provider":"provider[\"registry.opentofu.org/hashicorp/aws\"]","instances":[{"schema_version":0,"attributes":{"account_id":"133497933820","arn":"arn:aws:iam::133497933820:user/admin-user","id":"133497933820","user_id":"AIDAR6FIYZ76JJKPKPTUO"},"sensitive_attributes":[]}]},{"mode":"managed","type":"aws_iam_policy","name":"worker_s3_full_access","provider":"provider[\"registry.opentofu.org/hashicorp/aws\"]","instances":[{"schema_version":0,"attributes":{"arn":"arn:aws:iam::133497933820:policy/worker-s3-full-access","attachment_count":0,"description":"Grants full access to a specific S3 bucket","id":"arn:aws:iam::133497933820:policy/worker-s3-full-access","name":"worker-s3-full-access","name_prefix":"","path":"/","policy":"{\"Statement\":[{\"Action\":[\"s3:*\"],\"Effect\":\"Allow\",\"Resource\":[\"arn:aws:s3:::chasing_horizons_website_bucket\",\"arn:aws:s3:::chasing_horizons_website_bucket/*\"]}],\"Version\":\"2012-10-17\"}","policy_id":"ANPAR6FIYZ76GMS3EFPH3","tags":{},"tags_all":{}},"sensitive_attributes":[],"private":"bnVsbA=="}]},{"mode":"managed","type":"aws_iam_role","name":"worker_role","provider":"provider[\"registry.opentofu.org/hashicorp/aws\"]","instances":[{"schema_version":0,"attributes":{"arn":"arn:aws:iam::133497933820:role/worker-role","assume_role_policy":"{\"Statement\":[{\"Action\":\"sts:AssumeRole\",\"Effect\":\"Allow\",\"Principal\":{\"AWS\":\"arn:aws:iam::133497933820:user/worker-user\"}}],\"Version\":\"2012-10-17\"}","create_date":"2025-03-23T20:43:01Z","description":"","force_detach_policies":false,"id":"worker-role","inline_policy":[],"managed_policy_arns":[],"max_session_duration":3600,"name":"worker-role","name_prefix":"","path":"/","permissions_boundary":"","tags":{},"tags_all":{},"unique_id":"AROAR6FIYZ76E26NX2AAJ"},"sensitive_attributes":[],"private":"bnVsbA==","dependencies":["aws_iam_user.worker_user"]}]},{"mode":"managed","type":"aws_iam_user","name":"worker_user","provider":"provider[\"registry.opentofu.org/hashicorp/aws\"]","instances":[{"schema_version":0,"attributes":{"arn":"arn:aws:iam::133497933820:user/worker-user","force_destroy":false,"id":"worker-user","name":"worker-user","path":"/","permissions_boundary":"","tags":{},"tags_all":{},"unique_id":"AIDAR6FIYZ76HIVZAM4VZ"},"sensitive_attributes":[],"private":"bnVsbA=="}]},{"mode":"managed","type":"aws_iam_user_login_profile","name":"worker_user_profile","provider":"provider[\"registry.opentofu.org/hashicorp/aws\"]","instances":[{"schema_version":0,"attributes":{"encrypted_password":null,"id":"worker-user","key_fingerprint":null,"password":"v0RMbCAT9Wl9tf5p}7Sz","password_length":20,"password_reset_required":true,"pgp_key":null,"user":"worker-user"},"sensitive_attributes":[[{"type":"get_attr","value":"password"}]],"private":"bnVsbA==","dependencies":["aws_iam_user.worker_user"]}]},{"mode":"managed","type":"aws_ses_email_identity","name":"sender","provider":"provider[\"registry.opentofu.org/hashicorp/aws\"]","instances":[{"schema_version":0,"attributes":{"arn":"arn:aws:ses:eu-central-1:133497933820:identity/your-verified-email@example.com","email":"your-verified-email@example.com","id":"your-verified-email@example.com"},"sensitive_attributes":[],"private":"bnVsbA=="}]},{"mode":"managed","type":"aws_ses_template","name":"login_email","provider":"provider[\"registry.opentofu.org/hashicorp/aws\"]","instances":[{"schema_version":0,"attributes":{"arn":"arn:aws:ses:eu-central-1:133497933820:template/LoginDetailsTemplate","html":"    \u003ch3\u003eYour AWS IAM Login Credentials\u003c/h3\u003e\n    \u003cp\u003e\u003cb\u003eUser:\u003c/b\u003e worker-user\u003c/p\u003e\n    \u003cp\u003e\u003cb\u003eLogin URL:\u003c/b\u003e \u003ca href=\"https://133497933820.signin.aws.amazon.com/console\"\u003e\n    Click here to login\u003c/a\u003e\u003c/p\u003e\n    \u003cp\u003eYou will be asked to reset your password on first login.\u003c/p\u003e\n","id":"LoginDetailsTemplate","name":"LoginDetailsTemplate","subject":"Your AWS IAM Login Credentials","text":"    Your AWS IAM Login Credentials:\n    User: worker-user\n    Login URL: https://133497933820.signin.aws.amazon.com/console\n    You will be asked to reset your password on first login.\n"},"sensitive_attributes":[],"private":"bnVsbA==","dependencies":["aws_iam_user.worker_user","data.aws_caller_identity.current"]}]},{"mode":"managed","type":"null_resource","name":"send_email","provider":"provider[\"registry.opentofu.org/hashicorp/null\"]","instances":[{"schema_version":0,"attributes":{"id":"8980746803604391459","triggers":null},"sensitive_attributes":[],"dependencies":["aws_iam_user.worker_user","aws_ses_template.login_email","data.aws_caller_identity.current"]}]},{"mode":"managed","type":"random_password","name":"worker_user_password","provider":"provider[\"registry.opentofu.org/hashicorp/random\"]","instances":[{"schema_version":3,"attributes":{"bcrypt_hash":"$2a$10$Ie5mhfB3XXvWUGfL1UaXt.eNt/KalyRZ2Ea2xIfy7GRPS5liUnFc2","id":"none","keepers":null,"length":16,"lower":true,"min_lower":0,"min_numeric":0,"min_special":0,"min_upper":0,"number":true,"numeric":true,"override_special":"!@#?","result":"h@!RriX0T7V4kPbx","special":true,"upper":true},"sensitive_attributes":[[{"type":"get_attr","value":"result"}],[{"type":"get_attr","value":"bcrypt_hash"}]]}]}],"check_results":null}
